# This file is automatically @generated by Poetry 2.1.4 and should not be changed by hand.

[[package]]
name = "z3-solver"
version = "4.15.3.0"
description = "an efficient SMT solver library"
optional = false
python-versions = "*"
groups = ["main"]
files = [
    {file = "z3_solver-4.15.3.0-py3-none-macosx_13_0_arm64.whl", hash = "sha256:65335aab295ded7c0ce27c85556067087a87052389ff160777d1a1d48ef0d74f"},
    {file = "z3_solver-4.15.3.0-py3-none-macosx_13_0_x86_64.whl", hash = "sha256:3e62e93adff2def3537ff1ca67c3d58a6ca6d1944e0b5e774f88627b199d50e7"},
    {file = "z3_solver-4.15.3.0-py3-none-manylinux_2_17_x86_64.manylinux2014_x86_64.whl", hash = "sha256:a9afd9ceb290482097474d43f08415bcc1874f433189d1449f6c1508e9c68384"},
    {file = "z3_solver-4.15.3.0-py3-none-manylinux_2_34_aarch64.whl", hash = "sha256:f61ef44552489077eedd7e6d9bed52ef1875decf86d66027742099a2703b1c77"},
    {file = "z3_solver-4.15.3.0-py3-none-win32.whl", hash = "sha256:0c603f6bad7423d6411adda6af55030b725e3d30f54ea91b714abcedd73b848a"},
    {file = "z3_solver-4.15.3.0-py3-none-win_amd64.whl", hash = "sha256:06abdf6c36f97c463aea827533504fd59476d015a65cf170a88bd6a53ba13ab5"},
    {file = "z3_solver-4.15.3.0.tar.gz", hash = "sha256:78f69aebda5519bfd8af146a129f36cf4721a3c2667e80d9fe35cc9bb4d214a6"},
]

[metadata]
lock-version = "2.1"
python-versions = ">=3.13"
content-hash = "2e1152b10c1d8d640694a4addf4568a3bf478ab7bf1d0ff89366266f51f60585"
